
Microsoft Visual Studio Solution File, Format Version 12.00
# Visual Studio Version 17
VisualStudioVersion = 17.11.35222.181
MinimumVisualStudioVersion = 10.0.40219.1
Project("{FAE04EC0-301F-11D3-BF4B-00C04F79EFBC}") = "RaspberryReadArduino", "RaspberryReadArduino.csproj", "{06A99B97-0B25-450F-934B-9786BE2E4665}"
EndProject
Global
	GlobalSection(SolutionConfigurationPlatforms) = preSolution
		Debug|Any CPU = Debug|Any CPU
		Release|Any CPU = Release|Any CPU
	EndGlobalSection
	GlobalSection(ProjectConfigurationPlatforms) = postSolution
		{06A99B97-0B25-450F-934B-9786BE2E4665}.Debug|Any CPU.ActiveCfg = Debug|Any CPU
		{06A99B97-0B25-450F-934B-9786BE2E4665}.Debug|Any CPU.Build.0 = Debug|Any CPU
		{06A99B97-0B25-450F-934B-9786BE2E4665}.Release|Any CPU.ActiveCfg = Release|Any CPU
		{06A99B97-0B25-450F-934B-9786BE2E4665}.Release|Any CPU.Build.0 = Release|Any CPU
	EndGlobalSection
	GlobalSection(SolutionProperties) = preSolution
		HideSolutionNode = FALSE
	EndGlobalSection
	GlobalSection(ExtensibilityGlobals) = postSolution
		SolutionGuid = {8149EF5F-3C8E-455E-BF97-3993C860AC05}
	EndGlobalSection
EndGlobal
